<?xml version="1.0" encoding="utf-8"?>
<Project ToolsVersion="4.0" xmlns="http://schemas.microsoft.com/developer/msbuild/2003">
  <ItemGroup>
    <ClCompile Include="glad.c" />
    <ClCompile Include="Main.cpp" />
    <ClCompile Include="Simulation\Simulation.cpp">
      <Filter>Simulation</Filter>
    </ClCompile>
    <ClCompile Include="Graphics\Graphics.cpp">
      <Filter>Graphics</Filter>
    </ClCompile>
    <ClCompile Include="Window.cpp" />
    <ClCompile Include="Graphics\Shader.cpp">
      <Filter>Graphics</Filter>
    </ClCompile>
    <ClCompile Include="Graphics\Camera.cpp">
      <Filter>Graphics</Filter>
    </ClCompile>
    <ClCompile Include="Physics\Physics.cpp">
      <Filter>Physics</Filter>
    </ClCompile>
    <ClCompile Include="Components\Body.cpp">
      <Filter>Components</Filter>
    </ClCompile>
    <ClCompile Include="Mesh\ObjParser.cpp">
      <Filter>Mesh</Filter>
    </ClCompile>
    <ClCompile Include="Mesh\Mesh.cpp">
      <Filter>Mesh</Filter>
    </ClCompile>
    <ClCompile Include="Physics\BroadPhase.cpp">
      <Filter>Physics\Collision</Filter>
    </ClCompile>
    <ClCompile Include="Physics\Collision.cpp">
      <Filter>Physics\Collision</Filter>
    </ClCompile>
    <ClCompile Include="Physics\HullCollider.cpp">
      <Filter>Physics\Collision\Collider</Filter>
    </ClCompile>
    <ClCompile Include="Physics\Contact.cpp">
      <Filter>Physics\Collision\Contact</Filter>
    </ClCompile>
    <ClCompile Include="Physics\SphereContact.cpp">
      <Filter>Physics\Collision\Contact</Filter>
    </ClCompile>
    <ClCompile Include="Physics\SphereCollider.cpp">
      <Filter>Physics\Collision\Collider</Filter>
    </ClCompile>
    <ClCompile Include="Physics\ContactManager.cpp">
      <Filter>Physics\Collision\Contact</Filter>
    </ClCompile>
    <ClCompile Include="Physics\NarrowPhase.cpp">
      <Filter>Physics\Collision\NarrowPhase</Filter>
    </ClCompile>
    <ClCompile Include="Physics\CollideSphere.cpp">
      <Filter>Physics\Collision\NarrowPhase</Filter>
    </ClCompile>
    <ClCompile Include="Physics\ContactSolver.cpp">
      <Filter>Physics\Collision\Contact</Filter>
    </ClCompile>
    <ClCompile Include="Physics\CollideHull.cpp">
      <Filter>Physics\Collision\NarrowPhase</Filter>
    </ClCompile>
    <ClCompile Include="Physics\HullContact.cpp">
      <Filter>Physics\Collision\Contact</Filter>
    </ClCompile>
    <ClCompile Include="Mesh\Geometry.cpp">
      <Filter>Mesh</Filter>
    </ClCompile>
    <ClCompile Include="Simulation\PlankStack.cpp">
      <Filter>Simulation</Filter>
    </ClCompile>
    <ClCompile Include="Simulation\BoxStack.cpp">
      <Filter>Simulation</Filter>
    </ClCompile>
    <ClCompile Include="Simulation\Collapse1.cpp">
      <Filter>Simulation</Filter>
    </ClCompile>
    <ClCompile Include="Simulation\Collapse2.cpp">
      <Filter>Simulation</Filter>
    </ClCompile>
    <ClCompile Include="Physics\GJK.cpp">
      <Filter>Physics\Collision\NarrowPhase</Filter>
    </ClCompile>
    <ClCompile Include="Simulation\GJK_Test.cpp">
      <Filter>Simulation</Filter>
    </ClCompile>
    <ClCompile Include="Physics\SphereHullContact.cpp">
      <Filter>Physics\Collision\Contact</Filter>
    </ClCompile>
    <ClCompile Include="Simulation\BallStack.cpp">
      <Filter>Simulation</Filter>
    </ClCompile>
    <ClCompile Include="Simulation\Collapse3.cpp">
      <Filter>Simulation</Filter>
    </ClCompile>
    <ClCompile Include="Physics\PositionJoint.cpp">
      <Filter>Physics\Joints</Filter>
    </ClCompile>
    <ClCompile Include="Simulation\PositionJointTest.cpp">
      <Filter>Simulation</Filter>
    </ClCompile>
    <ClCompile Include="Simulation\Chain1.cpp">
      <Filter>Simulation</Filter>
    </ClCompile>
    <ClCompile Include="Physics\HingeJoint.cpp">
      <Filter>Physics\Joints</Filter>
    </ClCompile>
    <ClCompile Include="Simulation\HingeJointTest.cpp">
      <Filter>Simulation</Filter>
    </ClCompile>
    <ClCompile Include="Simulation\Ragdoll1.cpp">
      <Filter>Simulation</Filter>
    </ClCompile>
    <ClCompile Include="Simulation\DoorHinge.cpp">
      <Filter>Simulation</Filter>
    </ClCompile>
    <ClCompile Include="Simulation\BridgeHinge.cpp">
      <Filter>Simulation</Filter>
    </ClCompile>
    <ClCompile Include="Simulation\CRB_Test.cpp">
      <Filter>Simulation</Filter>
    </ClCompile>
    <ClCompile Include="Physics\CapsuleCollider.cpp">
      <Filter>Physics\Collision\Collider</Filter>
    </ClCompile>
    <ClCompile Include="Physics\SphereCapsuleContact.cpp">
      <Filter>Physics\Collision\Contact</Filter>
    </ClCompile>
    <ClCompile Include="Physics\CapsuleHullContact.cpp">
      <Filter>Physics\Collision\Contact</Filter>
    </ClCompile>
    <ClCompile Include="Physics\CollideCapsule.cpp">
      <Filter>Physics\Collision\NarrowPhase</Filter>
    </ClCompile>
    <ClCompile Include="Physics\CapsuleContact.cpp">
      <Filter>Physics\Collision\Contact</Filter>
    </ClCompile>
    <ClCompile Include="Simulation\Machines.cpp">
      <Filter>Simulation</Filter>
    </ClCompile>
    <ClCompile Include="Simulation\Domino1.cpp">
      <Filter>Simulation</Filter>
    </ClCompile>
    <ClCompile Include="Physics\UniversalJoint.cpp">
      <Filter>Physics\Joints</Filter>
    </ClCompile>
    <ClCompile Include="Simulation\Bike.cpp">
      <Filter>Simulation</Filter>
    </ClCompile>
    <ClCompile Include="Simulation\Car_Test.cpp">
      <Filter>Simulation</Filter>
    </ClCompile>
    <ClCompile Include="Physics\WheelJoint.cpp">
      <Filter>Physics\Joints</Filter>
    </ClCompile>
    <ClCompile Include="Physics\SpringConstraint.cpp">
      <Filter>Physics\Joints</Filter>
    </ClCompile>
    <ClCompile Include="Simulation\SpringTest.cpp">
      <Filter>Simulation</Filter>
    </ClCompile>
    <ClCompile Include="Simulation\Skeletal_Animation.cpp">
      <Filter>Simulation</Filter>
    </ClCompile>
    <ClCompile Include="Animation\Animation.cpp">
      <Filter>Animation</Filter>
    </ClCompile>
    <ClCompile Include="Simulation\Assimp_Test.cpp">
      <Filter>Simulation</Filter>
    </ClCompile>
  </ItemGroup>
  <ItemGroup>
    <ClInclude Include="Window.h" />
    <ClInclude Include="Graphics\Shader.h">
      <Filter>Graphics</Filter>
    </ClInclude>
    <ClInclude Include="Simulation\Simulation.h">
      <Filter>Simulation</Filter>
    </ClInclude>
    <ClInclude Include="Graphics\Graphics.h">
      <Filter>Graphics</Filter>
    </ClInclude>
    <ClInclude Include="Graphics\Camera.h">
      <Filter>Graphics</Filter>
    </ClInclude>
    <ClInclude Include="Components\Transform.h">
      <Filter>Components</Filter>
    </ClInclude>
    <ClInclude Include="Components\Model.h">
      <Filter>Components</Filter>
    </ClInclude>
    <ClInclude Include="Components\Body.h">
      <Filter>Components</Filter>
    </ClInclude>
    <ClInclude Include="Physics\Physics.h">
      <Filter>Physics</Filter>
    </ClInclude>
    <ClInclude Include="Mesh\ObjParser.h">
      <Filter>Mesh</Filter>
    </ClInclude>
    <ClInclude Include="Mesh\Mesh.h">
      <Filter>Mesh</Filter>
    </ClInclude>
    <ClInclude Include="Physics\Collision.h">
      <Filter>Physics\Collision</Filter>
    </ClInclude>
    <ClInclude Include="Physics\BroadPhase.h">
      <Filter>Physics\Collision</Filter>
    </ClInclude>
    <ClInclude Include="Physics\Settings.h">
      <Filter>Physics</Filter>
    </ClInclude>
    <ClInclude Include="Physics\Collider.h">
      <Filter>Physics\Collision\Collider</Filter>
    </ClInclude>
    <ClInclude Include="Physics\HullCollider.h">
      <Filter>Physics\Collision\Collider</Filter>
    </ClInclude>
    <ClInclude Include="Physics\Contact.h">
      <Filter>Physics\Collision\Contact</Filter>
    </ClInclude>
    <ClInclude Include="Physics\SphereContact.h">
      <Filter>Physics\Collision\Contact</Filter>
    </ClInclude>
    <ClInclude Include="Physics\SphereCollider.h">
      <Filter>Physics\Collision\Collider</Filter>
    </ClInclude>
    <ClInclude Include="Physics\ContactManager.h">
      <Filter>Physics\Collision\Contact</Filter>
    </ClInclude>
    <ClInclude Include="Physics\NarrowPhase.h">
      <Filter>Physics\Collision\NarrowPhase</Filter>
    </ClInclude>
    <ClInclude Include="Physics\ContactSolver.h">
      <Filter>Physics\Collision\Contact</Filter>
    </ClInclude>
    <ClInclude Include="Mesh\Geometry.h">
      <Filter>Mesh</Filter>
    </ClInclude>
    <ClInclude Include="Physics\HullContact.h">
      <Filter>Physics\Collision\Contact</Filter>
    </ClInclude>
    <ClInclude Include="Simulation\PlankStack.h">
      <Filter>Simulation</Filter>
    </ClInclude>
    <ClInclude Include="Simulation\Simulations.h">
      <Filter>Simulation</Filter>
    </ClInclude>
    <ClInclude Include="Simulation\BoxStack.h">
      <Filter>Simulation</Filter>
    </ClInclude>
    <ClInclude Include="Simulation\Collapse1.h">
      <Filter>Simulation</Filter>
    </ClInclude>
    <ClInclude Include="Simulation\Collapse2.h">
      <Filter>Simulation</Filter>
    </ClInclude>
    <ClInclude Include="Simulation\GJK_Test.h">
      <Filter>Simulation</Filter>
    </ClInclude>
    <ClInclude Include="Physics\SphereHullContact.h">
      <Filter>Physics\Collision\Contact</Filter>
    </ClInclude>
    <ClInclude Include="Simulation\Ballstack.h">
      <Filter>Simulation</Filter>
    </ClInclude>
    <ClInclude Include="Physics\PositionJoint.h">
      <Filter>Physics\Joints</Filter>
    </ClInclude>
    <ClInclude Include="Simulation\Collapse3.h">
      <Filter>Simulation</Filter>
    </ClInclude>
    <ClInclude Include="Physics\JointCommon.h">
      <Filter>Physics\Joints</Filter>
    </ClInclude>
    <ClInclude Include="Simulation\PositionJointTest.h">
      <Filter>Simulation</Filter>
    </ClInclude>
    <ClInclude Include="Simulation\Chain1.h">
      <Filter>Simulation</Filter>
    </ClInclude>
    <ClInclude Include="Physics\HingeJoint.h">
      <Filter>Physics\Joints</Filter>
    </ClInclude>
    <ClInclude Include="Simulation\HingeJointTest.h">
      <Filter>Simulation</Filter>
    </ClInclude>
    <ClInclude Include="Simulation\Ragdoll1.h">
      <Filter>Simulation</Filter>
    </ClInclude>
    <ClInclude Include="Simulation\DoorHinge.h">
      <Filter>Simulation</Filter>
    </ClInclude>
    <ClInclude Include="Simulation\BridgeHinge.h">
      <Filter>Simulation</Filter>
    </ClInclude>
    <ClInclude Include="Simulation\CRB_Test.h">
      <Filter>Simulation</Filter>
    </ClInclude>
    <ClInclude Include="Physics\CapsuleCollider.h">
      <Filter>Physics\Collision\Collider</Filter>
    </ClInclude>
    <ClInclude Include="Physics\SphereCapsuleContact.h">
      <Filter>Physics\Collision\Contact</Filter>
    </ClInclude>
    <ClInclude Include="Physics\CapsuleHullContact.h">
      <Filter>Physics\Collision\Contact</Filter>
    </ClInclude>
    <ClInclude Include="Physics\CapsuleContact.h">
      <Filter>Physics\Collision\Contact</Filter>
    </ClInclude>
    <ClInclude Include="Simulation\Machines.h">
      <Filter>Simulation</Filter>
    </ClInclude>
    <ClInclude Include="Simulation\Domino1.h">
      <Filter>Simulation</Filter>
    </ClInclude>
    <ClInclude Include="Physics\UniversalJoint.h">
      <Filter>Physics\Joints</Filter>
    </ClInclude>
    <ClInclude Include="Simulation\Car_Test.h">
      <Filter>Simulation</Filter>
    </ClInclude>
    <ClInclude Include="Simulation\Bike.h">
      <Filter>Simulation</Filter>
    </ClInclude>
    <ClInclude Include="Physics\WheelJoint.h">
      <Filter>Physics\Joints</Filter>
    </ClInclude>
    <ClInclude Include="Physics\SpringConstraint.h">
      <Filter>Physics\Joints</Filter>
    </ClInclude>
    <ClInclude Include="Simulation\SpringTest.h">
      <Filter>Simulation</Filter>
    </ClInclude>
    <ClInclude Include="Simulation\Skeletal_Animation.h">
      <Filter>Simulation</Filter>
    </ClInclude>
    <ClInclude Include="Animation\Animation.h">
      <Filter>Animation</Filter>
    </ClInclude>
    <ClInclude Include="Simulation\Assimp_Test.h">
      <Filter>Simulation</Filter>
    </ClInclude>
  </ItemGroup>
  <ItemGroup>
    <Filter Include="Simulation">
      <UniqueIdentifier>{5087abf2-8605-4a8c-810a-4f75caec91ad}</UniqueIdentifier>
    </Filter>
    <Filter Include="Graphics">
      <UniqueIdentifier>{46f73892-3f99-4f68-82ee-b18b029db26d}</UniqueIdentifier>
    </Filter>
    <Filter Include="Resources">
      <UniqueIdentifier>{82b8abae-7506-48b7-93a4-c1d360a02fd8}</UniqueIdentifier>
    </Filter>
    <Filter Include="Components">
      <UniqueIdentifier>{e42ab297-acc5-44cb-b1ff-95a575da32bf}</UniqueIdentifier>
    </Filter>
    <Filter Include="Physics">
      <UniqueIdentifier>{566e1432-55ef-4c21-84c4-e38cc47846cc}</UniqueIdentifier>
    </Filter>
    <Filter Include="Mesh">
      <UniqueIdentifier>{4e947341-d188-4143-8353-ab6facaef891}</UniqueIdentifier>
    </Filter>
    <Filter Include="Physics\Collision">
      <UniqueIdentifier>{c398e004-8876-4ca7-b1bb-5e6d5b04b106}</UniqueIdentifier>
    </Filter>
    <Filter Include="Physics\Collision\Collider">
      <UniqueIdentifier>{0caeb281-8daf-4071-8592-ceef8b26a47e}</UniqueIdentifier>
    </Filter>
    <Filter Include="Physics\Collision\Contact">
      <UniqueIdentifier>{97420454-94be-49af-9107-b562f1f225a6}</UniqueIdentifier>
    </Filter>
    <Filter Include="Physics\Collision\NarrowPhase">
      <UniqueIdentifier>{f7f0b5d9-cfe6-4c7e-895b-726ef96da6af}</UniqueIdentifier>
    </Filter>
    <Filter Include="Physics\Joints">
      <UniqueIdentifier>{b92ca019-0cae-441e-92ef-38731d3d9348}</UniqueIdentifier>
    </Filter>
    <Filter Include="Animation">
      <UniqueIdentifier>{858a9146-3e19-4029-8861-27585932752b}</UniqueIdentifier>
    </Filter>
  </ItemGroup>
  <ItemGroup>
    <None Include="Components\Transform.inl">
      <Filter>Components</Filter>
    </None>
    <None Include="Resources\WorldFragmentShader.frag">
      <Filter>Resources</Filter>
    </None>
    <None Include="Resources\WorldVertexShader.vert">
      <Filter>Resources</Filter>
    </None>
    <None Include="Resources\FragmentShader.frag">
      <Filter>Resources</Filter>
    </None>
    <None Include="Mesh\Geometry.inl">
      <Filter>Mesh</Filter>
    </None>
  </ItemGroup>
</Project>